
Microsoft Visual Studio Solution File, Format Version 12.00
# Visual Studio Version 16
VisualStudioVersion = 16.0.31205.134
MinimumVisualStudioVersion = 10.0.40219.1
Project("{FAE04EC0-301F-11D3-BF4B-00C04F79EFBC}") = "Nezmatematika", "MVVMMathProblemsBase\Nezmatematika.csproj", "{FA5F9B8B-296F-40E1-A88D-63FEF7F3A490}"
EndProject
Project("{2150E333-8FDC-42A3-9474-1A3956D46DE8}") = "Solution Items", "Solution Items", "{8748F1E6-A0A0-42C6-BD94-8F628ACBDD11}"
EndProject
Project("{54435603-DBB4-11D2-8724-00A0C9A8B90C}") = "NezmatematikaSetup", "NezmatematikaSetup\NezmatematikaSetup.vdproj", "{D6A6424C-06BB-4974-B2CE-68B7F9789FA2}"
EndProject
Global
	GlobalSection(SolutionConfigurationPlatforms) = preSolution
		Debug|Any CPU = Debug|Any CPU
		Release|Any CPU = Release|Any CPU
	EndGlobalSection
	GlobalSection(ProjectConfigurationPlatforms) = postSolution
		{FA5F9B8B-296F-40E1-A88D-63FEF7F3A490}.Debug|Any CPU.ActiveCfg = Debug|Any CPU
		{FA5F9B8B-296F-40E1-A88D-63FEF7F3A490}.Debug|Any CPU.Build.0 = Debug|Any CPU
		{FA5F9B8B-296F-40E1-A88D-63FEF7F3A490}.Release|Any CPU.ActiveCfg = Release|Any CPU
		{FA5F9B8B-296F-40E1-A88D-63FEF7F3A490}.Release|Any CPU.Build.0 = Release|Any CPU
		{D6A6424C-06BB-4974-B2CE-68B7F9789FA2}.Debug|Any CPU.ActiveCfg = Debug
		{D6A6424C-06BB-4974-B2CE-68B7F9789FA2}.Debug|Any CPU.Build.0 = Debug
		{D6A6424C-06BB-4974-B2CE-68B7F9789FA2}.Release|Any CPU.ActiveCfg = Release
		{D6A6424C-06BB-4974-B2CE-68B7F9789FA2}.Release|Any CPU.Build.0 = Release
	EndGlobalSection
	GlobalSection(SolutionProperties) = preSolution
		HideSolutionNode = FALSE
	EndGlobalSection
	GlobalSection(ExtensibilityGlobals) = postSolution
		SolutionGuid = {DD5CDE35-D316-4ED6-957A-CCFE8ACE7CFE}
	EndGlobalSection
EndGlobal
